
Microsoft Visual Studio Solution File, Format Version 12.00
# Visual Studio Version 17
VisualStudioVersion = 17.4.33213.308
MinimumVisualStudioVersion = 10.0.40219.1
Project("{FAE04EC0-301F-11D3-BF4B-00C04F79EFBC}") = "Proyecto", "Proyecto\Proyecto.csproj", "{1E930FEB-7B0F-4BE6-839F-0517F4C5D81C}"
EndProject
Global
	GlobalSection(SolutionConfigurationPlatforms) = preSolution
		Debug|Any CPU = Debug|Any CPU
		Release|Any CPU = Release|Any CPU
	EndGlobalSection
	GlobalSection(ProjectConfigurationPlatforms) = postSolution
		{1E930FEB-7B0F-4BE6-839F-0517F4C5D81C}.Debug|Any CPU.ActiveCfg = Debug|Any CPU
		{1E930FEB-7B0F-4BE6-839F-0517F4C5D81C}.Debug|Any CPU.Build.0 = Debug|Any CPU
		{1E930FEB-7B0F-4BE6-839F-0517F4C5D81C}.Release|Any CPU.ActiveCfg = Release|Any CPU
		{1E930FEB-7B0F-4BE6-839F-0517F4C5D81C}.Release|Any CPU.Build.0 = Release|Any CPU
	EndGlobalSection
	GlobalSection(SolutionProperties) = preSolution
		HideSolutionNode = FALSE
	EndGlobalSection
	GlobalSection(ExtensibilityGlobals) = postSolution
		SolutionGuid = {64C1C7D2-21FD-4C8F-A852-7F6879DC4325}
	EndGlobalSection
EndGlobal
